
Microsoft Visual Studio Solution File, Format Version 12.00
Project("{FAE04EC0-301F-11D3-BF4B-00C04F79EFBC}") = "WarehouseSecuritySystem", "WarehouseSecuritySystem\WarehouseSecuritySystem.csproj", "{4BF106C7-5BCD-4774-B5F8-DF9CC1616FEC}"
EndProject
Global
	GlobalSection(SolutionConfigurationPlatforms) = preSolution
		Debug|Any CPU = Debug|Any CPU
		Release|Any CPU = Release|Any CPU
	EndGlobalSection
	GlobalSection(ProjectConfigurationPlatforms) = postSolution
		{4BF106C7-5BCD-4774-B5F8-DF9CC1616FEC}.Debug|Any CPU.ActiveCfg = Debug|Any CPU
		{4BF106C7-5BCD-4774-B5F8-DF9CC1616FEC}.Debug|Any CPU.Build.0 = Debug|Any CPU
		{4BF106C7-5BCD-4774-B5F8-DF9CC1616FEC}.Release|Any CPU.ActiveCfg = Release|Any CPU
		{4BF106C7-5BCD-4774-B5F8-DF9CC1616FEC}.Release|Any CPU.Build.0 = Release|Any CPU
	EndGlobalSection
EndGlobal
